
Microsoft Visual Studio Solution File, Format Version 12.00
# Visual Studio Version 17
VisualStudioVersion = 17.2.32616.157
MinimumVisualStudioVersion = 10.0.40219.1
Project("{9A19103F-16F7-4668-BE54-9A1E7A4F7556}") = "IT_Inventory_api_UnitTest", "IT_Inventory_api_UnitTest.csproj", "{0ED80991-E009-425D-8CD0-F638897DE01F}"
EndProject
Global
	GlobalSection(SolutionConfigurationPlatforms) = preSolution
		Debug|Any CPU = Debug|Any CPU
		Release|Any CPU = Release|Any CPU
	EndGlobalSection
	GlobalSection(ProjectConfigurationPlatforms) = postSolution
		{0ED80991-E009-425D-8CD0-F638897DE01F}.Debug|Any CPU.ActiveCfg = Debug|Any CPU
		{0ED80991-E009-425D-8CD0-F638897DE01F}.Debug|Any CPU.Build.0 = Debug|Any CPU
		{0ED80991-E009-425D-8CD0-F638897DE01F}.Release|Any CPU.ActiveCfg = Release|Any CPU
		{0ED80991-E009-425D-8CD0-F638897DE01F}.Release|Any CPU.Build.0 = Release|Any CPU
	EndGlobalSection
	GlobalSection(SolutionProperties) = preSolution
		HideSolutionNode = FALSE
	EndGlobalSection
	GlobalSection(ExtensibilityGlobals) = postSolution
		SolutionGuid = {F6BEB2AE-DC33-48FF-A0C1-C79C4DE267BE}
	EndGlobalSection
EndGlobal
